
Microsoft Visual Studio Solution File, Format Version 12.00
# Visual Studio Version 16
VisualStudioVersion = 16.0.31515.178
MinimumVisualStudioVersion = 10.0.40219.1
Project("{9A19103F-16F7-4668-BE54-9A1E7A4F7556}") = "Runas_Netonly", "Runas_Netonly\Runas_Netonly.csproj", "{A796D8B3-8690-40A8-BCD8-2437E8CC19ED}"
EndProject
Global
	GlobalSection(SolutionConfigurationPlatforms) = preSolution
		Debug|Any CPU = Debug|Any CPU
		Release|Any CPU = Release|Any CPU
	EndGlobalSection
	GlobalSection(ProjectConfigurationPlatforms) = postSolution
		{A796D8B3-8690-40A8-BCD8-2437E8CC19ED}.Debug|Any CPU.ActiveCfg = Debug|Any CPU
		{A796D8B3-8690-40A8-BCD8-2437E8CC19ED}.Debug|Any CPU.Build.0 = Debug|Any CPU
		{A796D8B3-8690-40A8-BCD8-2437E8CC19ED}.Release|Any CPU.ActiveCfg = Release|Any CPU
		{A796D8B3-8690-40A8-BCD8-2437E8CC19ED}.Release|Any CPU.Build.0 = Release|Any CPU
	EndGlobalSection
	GlobalSection(SolutionProperties) = preSolution
		HideSolutionNode = FALSE
	EndGlobalSection
	GlobalSection(ExtensibilityGlobals) = postSolution
		SolutionGuid = {2FF7DC4F-1073-4DBB-A99A-B4984B69C130}
	EndGlobalSection
EndGlobal
